
Microsoft Visual Studio Solution File, Format Version 12.00
# Visual Studio Version 17
Project("{8BC9CEB8-8B4A-11D0-8D11-00A0C91BC942}") = "ALL_BUILD", "ALL_BUILD.vcxproj", "{DECA4909-871A-3416-8097-0FF1116E0FAF}"
	ProjectSection(ProjectDependencies) = postProject
		{9C1B80BC-C902-38D8-A314-BAB637F26C73} = {9C1B80BC-C902-38D8-A314-BAB637F26C73}
		{039F0AD8-9C9D-3E78-B51B-5EDC305E6B16} = {039F0AD8-9C9D-3E78-B51B-5EDC305E6B16}
		{0CF9E99E-BA7A-343F-8E04-84846A451C5B} = {0CF9E99E-BA7A-343F-8E04-84846A451C5B}
		{D789A90B-60DC-3CB9-AF7F-C9708F1806E1} = {D789A90B-60DC-3CB9-AF7F-C9708F1806E1}
		{2CBB598A-0C65-3FA0-84F1-AEF837038193} = {2CBB598A-0C65-3FA0-84F1-AEF837038193}
		{79CA4281-A83C-389E-9B14-64C6EA4D771C} = {79CA4281-A83C-389E-9B14-64C6EA4D771C}
	EndProjectSection
EndProject
Project("{8BC9CEB8-8B4A-11D0-8D11-00A0C91BC942}") = "ZERO_CHECK", "ZERO_CHECK.vcxproj", "{9C1B80BC-C902-38D8-A314-BAB637F26C73}"
	ProjectSection(ProjectDependencies) = postProject
	EndProjectSection
EndProject
Project("{8BC9CEB8-8B4A-11D0-8D11-00A0C91BC942}") = "flecs", "libs\flecs.vcxproj", "{039F0AD8-9C9D-3E78-B51B-5EDC305E6B16}"
	ProjectSection(ProjectDependencies) = postProject
		{9C1B80BC-C902-38D8-A314-BAB637F26C73} = {9C1B80BC-C902-38D8-A314-BAB637F26C73}
	EndProjectSection
EndProject
Project("{8BC9CEB8-8B4A-11D0-8D11-00A0C91BC942}") = "imgui", "libs\imgui.vcxproj", "{0CF9E99E-BA7A-343F-8E04-84846A451C5B}"
	ProjectSection(ProjectDependencies) = postProject
		{9C1B80BC-C902-38D8-A314-BAB637F26C73} = {9C1B80BC-C902-38D8-A314-BAB637F26C73}
	EndProjectSection
EndProject
Project("{8BC9CEB8-8B4A-11D0-8D11-00A0C91BC942}") = "tiny_obj_loader", "libs\tiny_obj_loader.vcxproj", "{D789A90B-60DC-3CB9-AF7F-C9708F1806E1}"
	ProjectSection(ProjectDependencies) = postProject
		{9C1B80BC-C902-38D8-A314-BAB637F26C73} = {9C1B80BC-C902-38D8-A314-BAB637F26C73}
	EndProjectSection
EndProject
Project("{8BC9CEB8-8B4A-11D0-8D11-00A0C91BC942}") = "velecs", "velecs\velecs.vcxproj", "{2CBB598A-0C65-3FA0-84F1-AEF837038193}"
	ProjectSection(ProjectDependencies) = postProject
		{9C1B80BC-C902-38D8-A314-BAB637F26C73} = {9C1B80BC-C902-38D8-A314-BAB637F26C73}
		{039F0AD8-9C9D-3E78-B51B-5EDC305E6B16} = {039F0AD8-9C9D-3E78-B51B-5EDC305E6B16}
		{0CF9E99E-BA7A-343F-8E04-84846A451C5B} = {0CF9E99E-BA7A-343F-8E04-84846A451C5B}
		{D789A90B-60DC-3CB9-AF7F-C9708F1806E1} = {D789A90B-60DC-3CB9-AF7F-C9708F1806E1}
		{79CA4281-A83C-389E-9B14-64C6EA4D771C} = {79CA4281-A83C-389E-9B14-64C6EA4D771C}
	EndProjectSection
EndProject
Project("{8BC9CEB8-8B4A-11D0-8D11-00A0C91BC942}") = "vkbootstrap", "libs\vkbootstrap.vcxproj", "{79CA4281-A83C-389E-9B14-64C6EA4D771C}"
	ProjectSection(ProjectDependencies) = postProject
		{9C1B80BC-C902-38D8-A314-BAB637F26C73} = {9C1B80BC-C902-38D8-A314-BAB637F26C73}
	EndProjectSection
EndProject
Global
	GlobalSection(SolutionConfigurationPlatforms) = preSolution
		Debug|x64 = Debug|x64
		Release|x64 = Release|x64
		MinSizeRel|x64 = MinSizeRel|x64
		RelWithDebInfo|x64 = RelWithDebInfo|x64
	EndGlobalSection
	GlobalSection(ProjectConfigurationPlatforms) = postSolution
		{DECA4909-871A-3416-8097-0FF1116E0FAF}.Debug|x64.ActiveCfg = Debug|x64
		{DECA4909-871A-3416-8097-0FF1116E0FAF}.Release|x64.ActiveCfg = Release|x64
		{DECA4909-871A-3416-8097-0FF1116E0FAF}.MinSizeRel|x64.ActiveCfg = MinSizeRel|x64
		{DECA4909-871A-3416-8097-0FF1116E0FAF}.RelWithDebInfo|x64.ActiveCfg = RelWithDebInfo|x64
		{9C1B80BC-C902-38D8-A314-BAB637F26C73}.Debug|x64.ActiveCfg = Debug|x64
		{9C1B80BC-C902-38D8-A314-BAB637F26C73}.Debug|x64.Build.0 = Debug|x64
		{9C1B80BC-C902-38D8-A314-BAB637F26C73}.Release|x64.ActiveCfg = Release|x64
		{9C1B80BC-C902-38D8-A314-BAB637F26C73}.Release|x64.Build.0 = Release|x64
		{9C1B80BC-C902-38D8-A314-BAB637F26C73}.MinSizeRel|x64.ActiveCfg = MinSizeRel|x64
		{9C1B80BC-C902-38D8-A314-BAB637F26C73}.MinSizeRel|x64.Build.0 = MinSizeRel|x64
		{9C1B80BC-C902-38D8-A314-BAB637F26C73}.RelWithDebInfo|x64.ActiveCfg = RelWithDebInfo|x64
		{9C1B80BC-C902-38D8-A314-BAB637F26C73}.RelWithDebInfo|x64.Build.0 = RelWithDebInfo|x64
		{039F0AD8-9C9D-3E78-B51B-5EDC305E6B16}.Debug|x64.ActiveCfg = Debug|x64
		{039F0AD8-9C9D-3E78-B51B-5EDC305E6B16}.Debug|x64.Build.0 = Debug|x64
		{039F0AD8-9C9D-3E78-B51B-5EDC305E6B16}.Release|x64.ActiveCfg = Release|x64
		{039F0AD8-9C9D-3E78-B51B-5EDC305E6B16}.Release|x64.Build.0 = Release|x64
		{039F0AD8-9C9D-3E78-B51B-5EDC305E6B16}.MinSizeRel|x64.ActiveCfg = MinSizeRel|x64
		{039F0AD8-9C9D-3E78-B51B-5EDC305E6B16}.MinSizeRel|x64.Build.0 = MinSizeRel|x64
		{039F0AD8-9C9D-3E78-B51B-5EDC305E6B16}.RelWithDebInfo|x64.ActiveCfg = RelWithDebInfo|x64
		{039F0AD8-9C9D-3E78-B51B-5EDC305E6B16}.RelWithDebInfo|x64.Build.0 = RelWithDebInfo|x64
		{0CF9E99E-BA7A-343F-8E04-84846A451C5B}.Debug|x64.ActiveCfg = Debug|x64
		{0CF9E99E-BA7A-343F-8E04-84846A451C5B}.Debug|x64.Build.0 = Debug|x64
		{0CF9E99E-BA7A-343F-8E04-84846A451C5B}.Release|x64.ActiveCfg = Release|x64
		{0CF9E99E-BA7A-343F-8E04-84846A451C5B}.Release|x64.Build.0 = Release|x64
		{0CF9E99E-BA7A-343F-8E04-84846A451C5B}.MinSizeRel|x64.ActiveCfg = MinSizeRel|x64
		{0CF9E99E-BA7A-343F-8E04-84846A451C5B}.MinSizeRel|x64.Build.0 = MinSizeRel|x64
		{0CF9E99E-BA7A-343F-8E04-84846A451C5B}.RelWithDebInfo|x64.ActiveCfg = RelWithDebInfo|x64
		{0CF9E99E-BA7A-343F-8E04-84846A451C5B}.RelWithDebInfo|x64.Build.0 = RelWithDebInfo|x64
		{D789A90B-60DC-3CB9-AF7F-C9708F1806E1}.Debug|x64.ActiveCfg = Debug|x64
		{D789A90B-60DC-3CB9-AF7F-C9708F1806E1}.Debug|x64.Build.0 = Debug|x64
		{D789A90B-60DC-3CB9-AF7F-C9708F1806E1}.Release|x64.ActiveCfg = Release|x64
		{D789A90B-60DC-3CB9-AF7F-C9708F1806E1}.Release|x64.Build.0 = Release|x64
		{D789A90B-60DC-3CB9-AF7F-C9708F1806E1}.MinSizeRel|x64.ActiveCfg = MinSizeRel|x64
		{D789A90B-60DC-3CB9-AF7F-C9708F1806E1}.MinSizeRel|x64.Build.0 = MinSizeRel|x64
		{D789A90B-60DC-3CB9-AF7F-C9708F1806E1}.RelWithDebInfo|x64.ActiveCfg = RelWithDebInfo|x64
		{D789A90B-60DC-3CB9-AF7F-C9708F1806E1}.RelWithDebInfo|x64.Build.0 = RelWithDebInfo|x64
		{2CBB598A-0C65-3FA0-84F1-AEF837038193}.Debug|x64.ActiveCfg = Debug|x64
		{2CBB598A-0C65-3FA0-84F1-AEF837038193}.Debug|x64.Build.0 = Debug|x64
		{2CBB598A-0C65-3FA0-84F1-AEF837038193}.Release|x64.ActiveCfg = Release|x64
		{2CBB598A-0C65-3FA0-84F1-AEF837038193}.Release|x64.Build.0 = Release|x64
		{2CBB598A-0C65-3FA0-84F1-AEF837038193}.MinSizeRel|x64.ActiveCfg = MinSizeRel|x64
		{2CBB598A-0C65-3FA0-84F1-AEF837038193}.MinSizeRel|x64.Build.0 = MinSizeRel|x64
		{2CBB598A-0C65-3FA0-84F1-AEF837038193}.RelWithDebInfo|x64.ActiveCfg = RelWithDebInfo|x64
		{2CBB598A-0C65-3FA0-84F1-AEF837038193}.RelWithDebInfo|x64.Build.0 = RelWithDebInfo|x64
		{79CA4281-A83C-389E-9B14-64C6EA4D771C}.Debug|x64.ActiveCfg = Debug|x64
		{79CA4281-A83C-389E-9B14-64C6EA4D771C}.Debug|x64.Build.0 = Debug|x64
		{79CA4281-A83C-389E-9B14-64C6EA4D771C}.Release|x64.ActiveCfg = Release|x64
		{79CA4281-A83C-389E-9B14-64C6EA4D771C}.Release|x64.Build.0 = Release|x64
		{79CA4281-A83C-389E-9B14-64C6EA4D771C}.MinSizeRel|x64.ActiveCfg = MinSizeRel|x64
		{79CA4281-A83C-389E-9B14-64C6EA4D771C}.MinSizeRel|x64.Build.0 = MinSizeRel|x64
		{79CA4281-A83C-389E-9B14-64C6EA4D771C}.RelWithDebInfo|x64.ActiveCfg = RelWithDebInfo|x64
		{79CA4281-A83C-389E-9B14-64C6EA4D771C}.RelWithDebInfo|x64.Build.0 = RelWithDebInfo|x64
	EndGlobalSection
	GlobalSection(ExtensibilityGlobals) = postSolution
		SolutionGuid = {0DABE7B1-5DC6-36F6-9BDE-44897998B330}
	EndGlobalSection
	GlobalSection(ExtensibilityAddIns) = postSolution
	EndGlobalSection
EndGlobal
