<?xml version="1.0" encoding="utf-8"?>
<Project ToolsVersion="17.0" xmlns="http://schemas.microsoft.com/developer/msbuild/2003">
  <ItemGroup>
    <CustomBuild Include="D:\Dev\VulkanProjects\HarvestHavoc\solution\CMakeFiles\43c4ba29f03d14264e6d297e043c6bd8\generate.stamp.rule">
      <Filter>CMake Rules</Filter>
    </CustomBuild>
  </ItemGroup>
  <ItemGroup>
    <Filter Include="CMake Rules">
      <UniqueIdentifier>{99ECB4B2-C8A7-3C39-809B-C42182B5BA9D}</UniqueIdentifier>
    </Filter>
  </ItemGroup>
</Project>
