<?xml version="1.0" encoding="utf-8"?>
<Project ToolsVersion="4.0" xmlns="http://schemas.microsoft.com/developer/msbuild/2003">
  <ItemGroup>
    <Filter Include="Source Files">
      <UniqueIdentifier>{4FC737F1-C7A5-4376-A066-2A32D752A2FF}</UniqueIdentifier>
      <Extensions>cpp;c;cc;cxx;c++;cppm;ixx;def;odl;idl;hpj;bat;asm;asmx</Extensions>
    </Filter>
    <Filter Include="Header Files">
      <UniqueIdentifier>{93995380-89BD-4b04-88EB-625FBE52EBFB}</UniqueIdentifier>
      <Extensions>h;hh;hpp;hxx;h++;hm;inl;inc;ipp;xsd</Extensions>
    </Filter>
    <Filter Include="Resource Files">
      <UniqueIdentifier>{67DA6AB6-F800-4c08-8B7A-83BB121AAD01}</UniqueIdentifier>
      <Extensions>rc;ico;cur;bmp;dlg;rc2;rct;bin;rgs;gif;jpg;jpeg;jpe;resx;tiff;tif;png;wav;mfcribbon-ms</Extensions>
    </Filter>
  </ItemGroup>
  <ItemGroup>
    <ClInclude Include="engine\include\Engine\vk_engine.h">
      <Filter>Header Files</Filter>
    </ClInclude>
    <ClInclude Include="engine\include\Engine\vk_initializers.h">
      <Filter>Header Files</Filter>
    </ClInclude>
    <ClInclude Include="engine\libs\include\VkBootstrap\VkBootstrap.h">
      <Filter>Header Files</Filter>
    </ClInclude>
    <ClInclude Include="engine\libs\include\VkBootstrap\VkBootstrapDispatch.h">
      <Filter>Header Files</Filter>
    </ClInclude>
    <ClInclude Include="libs\include\imgui\imconfig.h">
      <Filter>Header Files</Filter>
    </ClInclude>
    <ClInclude Include="libs\include\imgui\imgui.h">
      <Filter>Header Files</Filter>
    </ClInclude>
    <ClInclude Include="libs\include\imgui\imgui_impl_sdl.h">
      <Filter>Header Files</Filter>
    </ClInclude>
    <ClInclude Include="libs\include\imgui\imgui_impl_vulkan.h">
      <Filter>Header Files</Filter>
    </ClInclude>
    <ClInclude Include="libs\include\imgui\imgui_internal.h">
      <Filter>Header Files</Filter>
    </ClInclude>
    <ClInclude Include="libs\include\imgui\imstb_rectpack.h">
      <Filter>Header Files</Filter>
    </ClInclude>
    <ClInclude Include="libs\include\imgui\imstb_textedit.h">
      <Filter>Header Files</Filter>
    </ClInclude>
    <ClInclude Include="libs\include\imgui\imstb_truetype.h">
      <Filter>Header Files</Filter>
    </ClInclude>
    <ClInclude Include="engine\include\Math\Consts.h">
      <Filter>Header Files</Filter>
    </ClInclude>
    <ClInclude Include="engine\include\Math\Vec2.h">
      <Filter>Header Files</Filter>
    </ClInclude>
    <ClInclude Include="engine\include\Core\IEnableDisable.h">
      <Filter>Header Files</Filter>
    </ClInclude>
    <ClInclude Include="engine\include\Debug.h">
      <Filter>Header Files</Filter>
    </ClInclude>
    <ClInclude Include="engine\include\Core\Event.h">
      <Filter>Header Files</Filter>
    </ClInclude>
    <ClInclude Include="engine\include\Engine\vk_pipeline.h">
      <Filter>Header Files</Filter>
    </ClInclude>
    <ClInclude Include="engine\include\FileManagement\Path.h">
      <Filter>Header Files</Filter>
    </ClInclude>
    <ClInclude Include="engine\include\FileManagement\File.h">
      <Filter>Header Files</Filter>
    </ClInclude>
    <ClInclude Include="engine\include\FileManagement\Directory.h">
      <Filter>Header Files</Filter>
    </ClInclude>
    <ClInclude Include="engine\include\Core\GameExceptions.h">
      <Filter>Header Files</Filter>
    </ClInclude>
    <ClInclude Include="engine\include\Engine\vk_shaders.h">
      <Filter>Header Files</Filter>
    </ClInclude>
    <ClInclude Include="engine\include\Graphics\Color32.h">
      <Filter>Header Files</Filter>
    </ClInclude>
    <ClInclude Include="engine\include\Math\Vec3.h">
      <Filter>Header Files</Filter>
    </ClInclude>
    <ClInclude Include="engine\include\Graphics\Mesh.h">
      <Filter>Header Files</Filter>
    </ClInclude>
    <ClInclude Include="engine\include\Graphics\Vertex.h">
      <Filter>Header Files</Filter>
    </ClInclude>
    <ClInclude Include="engine\include\Graphics\VertexInputAttributeDescriptor.h">
      <Filter>Header Files</Filter>
    </ClInclude>
    <ClInclude Include="engine\include\Engine\AllocatedBuffer.h">
      <Filter>Header Files</Filter>
    </ClInclude>
    <ClInclude Include="engine\include\Graphics\MeshPushConstants.h">
      <Filter>Header Files</Filter>
    </ClInclude>
    <ClInclude Include="engine\include\Engine\DeletionQueue.h">
      <Filter>Header Files</Filter>
    </ClInclude>
    <ClInclude Include="libs\include\flecs\flecs.h">
      <Filter>Header Files</Filter>
    </ClInclude>
    <ClInclude Include="game\include\ECS\ECSManager.h">
      <Filter>Header Files</Filter>
    </ClInclude>
    <ClInclude Include="engine\include\ECS\IECSManager.h">
      <Filter>Header Files</Filter>
    </ClInclude>
    <ClInclude Include="game\include\ECS\Components\Rendering\Transform.h">
      <Filter>Header Files</Filter>
    </ClInclude>
    <ClInclude Include="game\include\ECS\Components\Physics\LinearKinematics.h">
      <Filter>Header Files</Filter>
    </ClInclude>
    <ClInclude Include="game\include\ECS\Components\Physics\AngularKinematics.h">
      <Filter>Header Files</Filter>
    </ClInclude>
    <ClInclude Include="game\include\ECS\IRenderingECS.h">
      <Filter>Header Files</Filter>
    </ClInclude>
    <ClInclude Include="game\include\ECS\RenderingECS.h">
      <Filter>Header Files</Filter>
    </ClInclude>
    <ClInclude Include="game\include\ECS\Components\Rendering\Mesh.h">
      <Filter>Header Files</Filter>
    </ClInclude>
    <ClInclude Include="game\include\ECS\Components\Rendering\Material.h">
      <Filter>Header Files</Filter>
    </ClInclude>
    <ClInclude Include="game\include\ECS\IPhysicsECS.h">
      <Filter>Header Files</Filter>
    </ClInclude>
    <ClInclude Include="game\include\ECS\PhysicsECS.h">
      <Filter>Header Files</Filter>
    </ClInclude>
    <ClInclude Include="game\include\ECS\IECSInterface.h">
      <Filter>Header Files</Filter>
    </ClInclude>
    <ClInclude Include="game\include\ECS\Components\Rendering\OrthoCamera.h">
      <Filter>Header Files</Filter>
    </ClInclude>
    <ClInclude Include="game\include\ECS\ECSCommon.h">
      <Filter>Header Files</Filter>
    </ClInclude>
    <ClInclude Include="engine\include\Graphics\Rect.h">
      <Filter>Header Files</Filter>
    </ClInclude>
    <ClInclude Include="game\include\ECS\Components\Rendering\PerspectiveCamera.h">
      <Filter>Header Files</Filter>
    </ClInclude>
  </ItemGroup>
  <ItemGroup>
    <ClCompile Include="libs\src\imgui\imgui.cpp">
      <Filter>Source Files</Filter>
    </ClCompile>
    <ClCompile Include="libs\src\imgui\imgui_demo.cpp">
      <Filter>Source Files</Filter>
    </ClCompile>
    <ClCompile Include="libs\src\imgui\imgui_draw.cpp">
      <Filter>Source Files</Filter>
    </ClCompile>
    <ClCompile Include="libs\src\imgui\imgui_impl_sdl.cpp">
      <Filter>Source Files</Filter>
    </ClCompile>
    <ClCompile Include="libs\src\imgui\imgui_impl_vulkan.cpp">
      <Filter>Source Files</Filter>
    </ClCompile>
    <ClCompile Include="libs\src\imgui\imgui_tables.cpp">
      <Filter>Source Files</Filter>
    </ClCompile>
    <ClCompile Include="libs\src\imgui\imgui_widgets.cpp">
      <Filter>Source Files</Filter>
    </ClCompile>
    <ClCompile Include="engine\src\Math\Vec2.cpp">
      <Filter>Source Files</Filter>
    </ClCompile>
    <ClCompile Include="engine\libs\src\VkBootstrap\VkBootstrap.cpp">
      <Filter>Source Files</Filter>
    </ClCompile>
    <ClCompile Include="game\src\Main.cpp">
      <Filter>Source Files</Filter>
    </ClCompile>
    <ClCompile Include="engine\src\Engine\vk_engine.cpp">
      <Filter>Source Files</Filter>
    </ClCompile>
    <ClCompile Include="engine\src\Engine\vk_initializers.cpp">
      <Filter>Source Files</Filter>
    </ClCompile>
    <ClCompile Include="engine\src\Core\IEnableDisable.cpp">
      <Filter>Source Files</Filter>
    </ClCompile>
    <ClCompile Include="engine\src\Engine\vk_pipeline.cpp">
      <Filter>Source Files</Filter>
    </ClCompile>
    <ClCompile Include="engine\src\FileManagement\Path.cpp">
      <Filter>Source Files</Filter>
    </ClCompile>
    <ClCompile Include="engine\src\FileManagement\File.cpp">
      <Filter>Source Files</Filter>
    </ClCompile>
    <ClCompile Include="engine\src\FileManagement\Directory.cpp">
      <Filter>Source Files</Filter>
    </ClCompile>
    <ClCompile Include="engine\src\Engine\vk_shaders.cpp">
      <Filter>Source Files</Filter>
    </ClCompile>
    <ClCompile Include="engine\src\Graphics\Color32.cpp">
      <Filter>Source Files</Filter>
    </ClCompile>
    <ClCompile Include="engine\src\Math\Vec3.cpp">
      <Filter>Source Files</Filter>
    </ClCompile>
    <ClCompile Include="engine\src\Graphics\Mesh.cpp">
      <Filter>Source Files</Filter>
    </ClCompile>
    <ClCompile Include="engine\src\Graphics\Vertex.cpp">
      <Filter>Source Files</Filter>
    </ClCompile>
    <ClCompile Include="engine\src\Engine\DeletionQueue.cpp">
      <Filter>Source Files</Filter>
    </ClCompile>
    <ClCompile Include="libs\src\flecs\flecs.c">
      <Filter>Source Files</Filter>
    </ClCompile>
    <ClCompile Include="game\src\ECS\ECSManager.cpp">
      <Filter>Source Files</Filter>
    </ClCompile>
    <ClCompile Include="game\src\ECS\RenderingECS.cpp">
      <Filter>Source Files</Filter>
    </ClCompile>
    <ClCompile Include="game\src\ECS\PhysicsECS.cpp">
      <Filter>Source Files</Filter>
    </ClCompile>
    <ClCompile Include="engine\src\Graphics\Rect.cpp">
      <Filter>Source Files</Filter>
    </ClCompile>
  </ItemGroup>
</Project>