<?xml version="1.0" encoding="utf-8"?>
<Project ToolsVersion="17.0" xmlns="http://schemas.microsoft.com/developer/msbuild/2003">
  <ItemGroup>
    <ClCompile Include="D:\Dev\VulkanProjects\HarvestHavoc\libs\flecs\flecs.c">
      <Filter>Source Files</Filter>
    </ClCompile>
  </ItemGroup>
  <ItemGroup>
    <ClInclude Include="D:\Dev\VulkanProjects\HarvestHavoc\libs\flecs\flecs.h">
      <Filter>Header Files</Filter>
    </ClInclude>
  </ItemGroup>
  <ItemGroup>
    <CustomBuild Include="D:\Dev\VulkanProjects\HarvestHavoc\libs\CMakeLists.txt" />
  </ItemGroup>
  <ItemGroup>
    <Filter Include="Header Files">
      <UniqueIdentifier>{6EB51B46-4993-3ACF-A366-CACF76DB9088}</UniqueIdentifier>
    </Filter>
    <Filter Include="Source Files">
      <UniqueIdentifier>{2D72A824-2CFC-3B20-B47A-84EC4DD4A544}</UniqueIdentifier>
    </Filter>
  </ItemGroup>
</Project>
